Microsoft Visual Studio Solution File, Format Version 12.00
# Visual Studio Version 17
VisualStudioVersion = 17.5.2.0
MinimumVisualStudioVersion = 10.0.40219.1
Project("{FAE04EC0-301F-11D3-BF4B-00C04F79EFBC}") = "JsonProxyApi", "JsonProxyApi.csproj", "{4CCDEC12-3B3B-75A6-C18F-0181BEB005D3}"
EndProject
Global
	GlobalSection(SolutionConfigurationPlatforms) = preSolution
		Debug|Any CPU = Debug|Any CPU
		Release|Any CPU = Release|Any CPU
	EndGlobalSection
	GlobalSection(ProjectConfigurationPlatforms) = postSolution
		{4CCDEC12-3B3B-75A6-C18F-0181BEB005D3}.Debug|Any CPU.ActiveCfg = Debug|Any CPU
		{4CCDEC12-3B3B-75A6-C18F-0181BEB005D3}.Debug|Any CPU.Build.0 = Debug|Any CPU
		{4CCDEC12-3B3B-75A6-C18F-0181BEB005D3}.Release|Any CPU.ActiveCfg = Release|Any CPU
		{4CCDEC12-3B3B-75A6-C18F-0181BEB005D3}.Release|Any CPU.Build.0 = Release|Any CPU
	EndGlobalSection
	GlobalSection(SolutionProperties) = preSolution
		HideSolutionNode = FALSE
	EndGlobalSection
	GlobalSection(ExtensibilityGlobals) = postSolution
		SolutionGuid = {495FD59C-8FD3-4A41-8A3E-8917B69F2336}
	EndGlobalSection
EndGlobal
